
Microsoft Visual Studio Solution File, Format Version 12.00
Project("{FAE04EC0-301F-11D3-BF4B-00C04F79EFBC}") = "VPN", "VPN\VPN.csproj", "{0BAEAD5F-AE64-4512-A807-43AAB58C0EBA}"
EndProject
Global
	GlobalSection(SolutionConfigurationPlatforms) = preSolution
		Debug|Any CPU = Debug|Any CPU
		Release|Any CPU = Release|Any CPU
	EndGlobalSection
	GlobalSection(ProjectConfigurationPlatforms) = postSolution
		{0BAEAD5F-AE64-4512-A807-43AAB58C0EBA}.Debug|Any CPU.ActiveCfg = Debug|Any CPU
		{0BAEAD5F-AE64-4512-A807-43AAB58C0EBA}.Debug|Any CPU.Build.0 = Debug|Any CPU
		{0BAEAD5F-AE64-4512-A807-43AAB58C0EBA}.Release|Any CPU.ActiveCfg = Release|Any CPU
		{0BAEAD5F-AE64-4512-A807-43AAB58C0EBA}.Release|Any CPU.Build.0 = Release|Any CPU
	EndGlobalSection
EndGlobal
